// !$*UTF8*$!
{
	archiveVersion = 1;
	classes = {
	};
	objectVersion = 56;
	objects = {

/* Begin PBXBuildFile section */
		CE517BC12EB7734800BF438A /* TransactionType.swift in Sources */ = {isa = PBXBuildFile; fileRef = CE517BC02EB7734800BF438A /* TransactionType.swift */; };
		CE517BC32EB773DE00BF438A /* Category.swift in Sources */ = {isa = PBXBuildFile; fileRef = CE517BC22EB773DE00BF438A /* Category.swift */; };
		CE517BC52EB7746300BF438A /* Transaction.swift in Sources */ = {isa = PBXBuildFile; fileRef = CE517BC42EB7746300BF438A /* Transaction.swift */; };
		CE517BC92EB7763900BF438A /* TransactionTypeDB.swift in Sources */ = {isa = PBXBuildFile; fileRef = CE517BC82EB7763900BF438A /* TransactionTypeDB.swift */; };
		CE517BCB2EB778AE00BF438A /* Database.swift in Sources */ = {isa = PBXBuildFile; fileRef = CE517BCA2EB778AE00BF438A /* Database.swift */; };
		CE517BCD2EB7DF2700BF438A /* CustomTabar.swift in Sources */ = {isa = PBXBuildFile; fileRef = CE517BCC2EB7DF2700BF438A /* CustomTabar.swift */; };
		CE517BCF2EBA6AA800BF438A /* CreateSpendingViewController.swift in Sources */ = {isa = PBXBuildFile; fileRef = CE517BCE2EBA6AA800BF438A /* CreateSpendingViewController.swift */; };
		CE517BD12EBA6B1D00BF438A /* SpendingStatisticViewController.swift in Sources */ = {isa = PBXBuildFile; fileRef = CE517BD02EBA6B1D00BF438A /* SpendingStatisticViewController.swift */; };
		CE517BD32EBA6B7A00BF438A /* MontlySpendingViewController.swift in Sources */ = {isa = PBXBuildFile; fileRef = CE517BD22EBA6B7A00BF438A /* MontlySpendingViewController.swift */; };
		CE6682C62EBCEFE200D318D8 /* CustomSegmentedControl.swift in Sources */ = {isa = PBXBuildFile; fileRef = CE6682C52EBCEFE200D318D8 /* CustomSegmentedControl.swift */; };
		CE76560C2EB381EA009E4900 /* AppDelegate.swift in Sources */ = {isa = PBXBuildFile; fileRef = CE76560B2EB381EA009E4900 /* AppDelegate.swift */; };
		CE76560E2EB381EA009E4900 /* SceneDelegate.swift in Sources */ = {isa = PBXBuildFile; fileRef = CE76560D2EB381EA009E4900 /* SceneDelegate.swift */; };
		CE7656102EB381EA009E4900 /* ViewController.swift in Sources */ = {isa = PBXBuildFile; fileRef = CE76560F2EB381EA009E4900 /* ViewController.swift */; };
		CE7656132EB381EA009E4900 /* Main.storyboard in Resources */ = {isa = PBXBuildFile; fileRef = CE7656112EB381EA009E4900 /* Main.storyboard */; };
		CE7656162EB381EA009E4900 /* Spending_Manager.xcdatamodeld in Sources */ = {isa = PBXBuildFile; fileRef = CE7656142EB381EA009E4900 /* Spending_Manager.xcdatamodeld */; };
		CE7656182EB381F1009E4900 /* Assets.xcassets in Resources */ = {isa = PBXBuildFile; fileRef = CE7656172EB381F1009E4900 /* Assets.xcassets */; };
		CE76561B2EB381F1009E4900 /* LaunchScreen.storyboard in Resources */ = {isa = PBXBuildFile; fileRef = CE7656192EB381F1009E4900 /* LaunchScreen.storyboard */; };
		CED0BD972EB5D900009866D1 /* libsqlite3.tbd in Frameworks */ = {isa = PBXBuildFile; fileRef = CED0BD962EB5D900009866D1 /* libsqlite3.tbd */; };
		CED0BDA72EB60C1B009866D1 /* FMDatabase.m in Sources */ = {isa = PBXBuildFile; fileRef = CED0BD9D2EB60C1A009866D1 /* FMDatabase.m */; };
		CED0BDA82EB60C1B009866D1 /* FMDatabasePool.m in Sources */ = {isa = PBXBuildFile; fileRef = CED0BD9E2EB60C1A009866D1 /* FMDatabasePool.m */; };
		CED0BDA92EB60C1B009866D1 /* FMResultSet.m in Sources */ = {isa = PBXBuildFile; fileRef = CED0BDA12EB60C1A009866D1 /* FMResultSet.m */; };
		CED0BDAA2EB60C1B009866D1 /* FMDatabaseAdditions.m in Sources */ = {isa = PBXBuildFile; fileRef = CED0BDA32EB60C1B009866D1 /* FMDatabaseAdditions.m */; };
		CED0BDAB2EB60C1B009866D1 /* FMDatabaseQueue.m in Sources */ = {isa = PBXBuildFile; fileRef = CED0BDA62EB60C1B009866D1 /* FMDatabaseQueue.m */; };
/* End PBXBuildFile section */

/* Begin PBXFileReference section */
		CE517BC02EB7734800BF438A /* TransactionType.swift */ = {isa = PBXFileReference; lastKnownFileType = sourcecode.swift; path = TransactionType.swift; sourceTree = "<group>"; };
		CE517BC22EB773DE00BF438A /* Category.swift */ = {isa = PBXFileReference; lastKnownFileType = sourcecode.swift; path = Category.swift; sourceTree = "<group>"; };
		CE517BC42EB7746300BF438A /* Transaction.swift */ = {isa = PBXFileReference; lastKnownFileType = sourcecode.swift; path = Transaction.swift; sourceTree = "<group>"; };
		CE517BC82EB7763900BF438A /* TransactionTypeDB.swift */ = {isa = PBXFileReference; lastKnownFileType = sourcecode.swift; path = TransactionTypeDB.swift; sourceTree = "<group>"; };
		CE517BCA2EB778AE00BF438A /* Database.swift */ = {isa = PBXFileReference; lastKnownFileType = sourcecode.swift; path = Database.swift; sourceTree = "<group>"; };
		CE517BCC2EB7DF2700BF438A /* CustomTabar.swift */ = {isa = PBXFileReference; lastKnownFileType = sourcecode.swift; path = CustomTabar.swift; sourceTree = "<group>"; };
		CE517BCE2EBA6AA800BF438A /* CreateSpendingViewController.swift */ = {isa = PBXFileReference; lastKnownFileType = sourcecode.swift; path = CreateSpendingViewController.swift; sourceTree = "<group>"; };
		CE517BD02EBA6B1D00BF438A /* SpendingStatisticViewController.swift */ = {isa = PBXFileReference; lastKnownFileType = sourcecode.swift; path = SpendingStatisticViewController.swift; sourceTree = "<group>"; };
		CE517BD22EBA6B7A00BF438A /* MontlySpendingViewController.swift */ = {isa = PBXFileReference; lastKnownFileType = sourcecode.swift; path = MontlySpendingViewController.swift; sourceTree = "<group>"; };
		CE6682C52EBCEFE200D318D8 /* CustomSegmentedControl.swift */ = {isa = PBXFileReference; lastKnownFileType = sourcecode.swift; path = CustomSegmentedControl.swift; sourceTree = "<group>"; };
		CE7656082EB381EA009E4900 /* Spending-Manager.app */ = {isa = PBXFileReference; explicitFileType = wrapper.application; includeInIndex = 0; path = "Spending-Manager.app"; sourceTree = BUILT_PRODUCTS_DIR; };
		CE76560B2EB381EA009E4900 /* AppDelegate.swift */ = {isa = PBXFileReference; lastKnownFileType = sourcecode.swift; path = AppDelegate.swift; sourceTree = "<group>"; };
		CE76560D2EB381EA009E4900 /* SceneDelegate.swift */ = {isa = PBXFileReference; lastKnownFileType = sourcecode.swift; path = SceneDelegate.swift; sourceTree = "<group>"; };
		CE76560F2EB381EA009E4900 /* ViewController.swift */ = {isa = PBXFileReference; lastKnownFileType = sourcecode.swift; path = ViewController.swift; sourceTree = "<group>"; };
		CE7656122EB381EA009E4900 /* Base */ = {isa = PBXFileReference; lastKnownFileType = file.storyboard; name = Base; path = Base.lproj/Main.storyboard; sourceTree = "<group>"; };
		CE7656152EB381EA009E4900 /* Spending_Manager.xcdatamodel */ = {isa = PBXFileReference; lastKnownFileType = wrapper.xcdatamodel; path = Spending_Manager.xcdatamodel; sourceTree = "<group>"; };
		CE7656172EB381F1009E4900 /* Assets.xcassets */ = {isa = PBXFileReference; lastKnownFileType = folder.assetcatalog; path = Assets.xcassets; sourceTree = "<group>"; };
		CE76561A2EB381F1009E4900 /* Base */ = {isa = PBXFileReference; lastKnownFileType = file.storyboard; name = Base; path = Base.lproj/LaunchScreen.storyboard; sourceTree = "<group>"; };
		CE76561C2EB381F1009E4900 /* Info.plist */ = {isa = PBXFileReference; lastKnownFileType = text.plist.xml; path = Info.plist; sourceTree = "<group>"; };
		CED0BD962EB5D900009866D1 /* libsqlite3.tbd */ = {isa = PBXFileReference; lastKnownFileType = "sourcecode.text-based-dylib-definition"; name = libsqlite3.tbd; path = usr/lib/libsqlite3.tbd; sourceTree = SDKROOT; };
		CED0BD992EB609A0009866D1 /* SpendingManager-Bridging-Header.h */ = {isa = PBXFileReference; lastKnownFileType = sourcecode.c.h; path = "SpendingManager-Bridging-Header.h"; sourceTree = "<group>"; };
		CED0BD9B2EB60C19009866D1 /* Spending-Manager-Bridging-Header.h */ = {isa = PBXFileReference; lastKnownFileType = sourcecode.c.h; path = "Spending-Manager-Bridging-Header.h"; sourceTree = "<group>"; };
		CED0BD9C2EB60C1A009866D1 /* FMResultSet.h */ = {isa = PBXFileReference; fileEncoding = 4; lastKnownFileType = sourcecode.c.h; path = FMResultSet.h; sourceTree = "<group>"; };
		CED0BD9D2EB60C1A009866D1 /* FMDatabase.m */ = {isa = PBXFileReference; fileEncoding = 4; lastKnownFileType = sourcecode.c.objc; path = FMDatabase.m; sourceTree = "<group>"; };
		CED0BD9E2EB60C1A009866D1 /* FMDatabasePool.m */ = {isa = PBXFileReference; fileEncoding = 4; lastKnownFileType = sourcecode.c.objc; path = FMDatabasePool.m; sourceTree = "<group>"; };
		CED0BD9F2EB60C1A009866D1 /* FMDatabaseAdditions.h */ = {isa = PBXFileReference; fileEncoding = 4; lastKnownFileType = sourcecode.c.h; path = FMDatabaseAdditions.h; sourceTree = "<group>"; };
		CED0BDA02EB60C1A009866D1 /* FMDB.h */ = {isa = PBXFileReference; fileEncoding = 4; lastKnownFileType = sourcecode.c.h; path = FMDB.h; sourceTree = "<group>"; };
		CED0BDA12EB60C1A009866D1 /* FMResultSet.m */ = {isa = PBXFileReference; fileEncoding = 4; lastKnownFileType = sourcecode.c.objc; path = FMResultSet.m; sourceTree = "<group>"; };
		CED0BDA22EB60C1B009866D1 /* FMDatabase.h */ = {isa = PBXFileReference; fileEncoding = 4; lastKnownFileType = sourcecode.c.h; path = FMDatabase.h; sourceTree = "<group>"; };
		CED0BDA32EB60C1B009866D1 /* FMDatabaseAdditions.m */ = {isa = PBXFileReference; fileEncoding = 4; lastKnownFileType = sourcecode.c.objc; path = FMDatabaseAdditions.m; sourceTree = "<group>"; };
		CED0BDA42EB60C1B009866D1 /* FMDatabasePool.h */ = {isa = PBXFileReference; fileEncoding = 4; lastKnownFileType = sourcecode.c.h; path = FMDatabasePool.h; sourceTree = "<group>"; };
		CED0BDA52EB60C1B009866D1 /* FMDatabaseQueue.h */ = {isa = PBXFileReference; fileEncoding = 4; lastKnownFileType = sourcecode.c.h; path = FMDatabaseQueue.h; sourceTree = "<group>"; };
		CED0BDA62EB60C1B009866D1 /* FMDatabaseQueue.m */ = {isa = PBXFileReference; fileEncoding = 4; lastKnownFileType = sourcecode.c.objc; path = FMDatabaseQueue.m; sourceTree = "<group>"; };
/* End PBXFileReference section */

/* Begin PBXFrameworksBuildPhase section */
		CE7656052EB381EA009E4900 /* Frameworks */ = {
			isa = PBXFrameworksBuildPhase;
			buildActionMask = 2147483647;
			files = (
				CED0BD972EB5D900009866D1 /* libsqlite3.tbd in Frameworks */,
			);
			runOnlyForDeploymentPostprocessing = 0;
		};
/* End PBXFrameworksBuildPhase section */

/* Begin PBXGroup section */
		CE6682C42EBCEF8700D318D8 /* Controls */ = {
			isa = PBXGroup;
			children = (
				CE6682C52EBCEFE200D318D8 /* CustomSegmentedControl.swift */,
			);
			name = Controls;
			sourceTree = "<group>";
		};
		CE7655FF2EB381EA009E4900 = {
			isa = PBXGroup;
			children = (
				CE76560A2EB381EA009E4900 /* Spending-Manager */,
				CE7656092EB381EA009E4900 /* Products */,
				CED0BD952EB5D8FF009866D1 /* Frameworks */,
			);
			sourceTree = "<group>";
		};
		CE7656092EB381EA009E4900 /* Products */ = {
			isa = PBXGroup;
			children = (
				CE7656082EB381EA009E4900 /* Spending-Manager.app */,
			);
			name = Products;
			sourceTree = "<group>";
		};
		CE76560A2EB381EA009E4900 /* Spending-Manager */ = {
			isa = PBXGroup;
			children = (
				CE6682C42EBCEF8700D318D8 /* Controls */,
				CED0BD9A2EB609B3009866D1 /* FMDB */,
				CED0BD922EB5D507009866D1 /* DAL */,
				CE7F70342EB5CBDB00B980FC /* SystemFiles */,
				CE7F70332EB5C9E200B980FC /* Controller */,
				CE7F70322EB5C9D700B980FC /* Model */,
				CE7656112EB381EA009E4900 /* Main.storyboard */,
				CE7656142EB381EA009E4900 /* Spending_Manager.xcdatamodeld */,
			);
			path = "Spending-Manager";
			sourceTree = "<group>";
		};
		CE7F70322EB5C9D700B980FC /* Model */ = {
			isa = PBXGroup;
			children = (
				CE517BC02EB7734800BF438A /* TransactionType.swift */,
				CE517BC22EB773DE00BF438A /* Category.swift */,
				CE517BC42EB7746300BF438A /* Transaction.swift */,
			);
			name = Model;
			sourceTree = "<group>";
		};
		CE7F70332EB5C9E200B980FC /* Controller */ = {
			isa = PBXGroup;
			children = (
				CE76560F2EB381EA009E4900 /* ViewController.swift */,
				CE517BCC2EB7DF2700BF438A /* CustomTabar.swift */,
				CE517BCE2EBA6AA800BF438A /* CreateSpendingViewController.swift */,
				CE517BD02EBA6B1D00BF438A /* SpendingStatisticViewController.swift */,
				CE517BD22EBA6B7A00BF438A /* MontlySpendingViewController.swift */,
			);
			path = Controller;
			sourceTree = "<group>";
		};
		CE7F70342EB5CBDB00B980FC /* SystemFiles */ = {
			isa = PBXGroup;
			children = (
				CE76560B2EB381EA009E4900 /* AppDelegate.swift */,
				CE76560D2EB381EA009E4900 /* SceneDelegate.swift */,
				CE7656172EB381F1009E4900 /* Assets.xcassets */,
				CE7656192EB381F1009E4900 /* LaunchScreen.storyboard */,
				CE76561C2EB381F1009E4900 /* Info.plist */,
			);
			name = SystemFiles;
			sourceTree = "<group>";
		};
		CED0BD922EB5D507009866D1 /* DAL */ = {
			isa = PBXGroup;
			children = (
				CE517BC82EB7763900BF438A /* TransactionTypeDB.swift */,
				CE517BCA2EB778AE00BF438A /* Database.swift */,
			);
			path = DAL;
			sourceTree = "<group>";
		};
		CED0BD942EB5D604009866D1 /* src */ = {
			isa = PBXGroup;
			children = (
			);
			path = src;
			sourceTree = "<group>";
		};
		CED0BD952EB5D8FF009866D1 /* Frameworks */ = {
			isa = PBXGroup;
			children = (
				CED0BD962EB5D900009866D1 /* libsqlite3.tbd */,
			);
			name = Frameworks;
			sourceTree = "<group>";
		};
		CED0BD9A2EB609B3009866D1 /* FMDB */ = {
			isa = PBXGroup;
			children = (
				CED0BD9D2EB60C1A009866D1 /* FMDatabase.m */,
				CED0BD9F2EB60C1A009866D1 /* FMDatabaseAdditions.h */,
				CED0BDA32EB60C1B009866D1 /* FMDatabaseAdditions.m */,
				CED0BDA42EB60C1B009866D1 /* FMDatabasePool.h */,
				CED0BD9E2EB60C1A009866D1 /* FMDatabasePool.m */,
				CED0BDA52EB60C1B009866D1 /* FMDatabaseQueue.h */,
				CED0BDA62EB60C1B009866D1 /* FMDatabaseQueue.m */,
				CED0BDA02EB60C1A009866D1 /* FMDB.h */,
				CED0BD9C2EB60C1A009866D1 /* FMResultSet.h */,
				CED0BDA12EB60C1A009866D1 /* FMResultSet.m */,
				CED0BD9B2EB60C19009866D1 /* Spending-Manager-Bridging-Header.h */,
				CED0BD992EB609A0009866D1 /* SpendingManager-Bridging-Header.h */,
				CED0BDA22EB60C1B009866D1 /* FMDatabase.h */,
				CED0BD942EB5D604009866D1 /* src */,
			);
			path = FMDB;
			sourceTree = "<group>";
		};
/* End PBXGroup section */

/* Begin PBXNativeTarget section */
		CE7656072EB381EA009E4900 /* Spending-Manager */ = {
			isa = PBXNativeTarget;
			buildConfigurationList = CE76561F2EB381F1009E4900 /* Build configuration list for PBXNativeTarget "Spending-Manager" */;
			buildPhases = (
				CE7656042EB381EA009E4900 /* Sources */,
				CE7656052EB381EA009E4900 /* Frameworks */,
				CE7656062EB381EA009E4900 /* Resources */,
			);
			buildRules = (
			);
			dependencies = (
			);
			name = "Spending-Manager";
			productName = "Spending-Manager";
			productReference = CE7656082EB381EA009E4900 /* Spending-Manager.app */;
			productType = "com.apple.product-type.application";
		};
/* End PBXNativeTarget section */

/* Begin PBXProject section */
		CE7656002EB381EA009E4900 /* Project object */ = {
			isa = PBXProject;
			attributes = {
				BuildIndependentTargetsInParallel = 1;
				LastSwiftUpdateCheck = 1420;
				LastUpgradeCheck = 1420;
				TargetAttributes = {
					CE7656072EB381EA009E4900 = {
						CreatedOnToolsVersion = 14.2;
						LastSwiftMigration = 1420;
					};
				};
			};
			buildConfigurationList = CE7656032EB381EA009E4900 /* Build configuration list for PBXProject "Spending-Manager" */;
			compatibilityVersion = "Xcode 14.0";
			developmentRegion = en;
			hasScannedForEncodings = 0;
			knownRegions = (
				en,
				Base,
			);
			mainGroup = CE7655FF2EB381EA009E4900;
			productRefGroup = CE7656092EB381EA009E4900 /* Products */;
			projectDirPath = "";
			projectRoot = "";
			targets = (
				CE7656072EB381EA009E4900 /* Spending-Manager */,
			);
		};
/* End PBXProject section */

/* Begin PBXResourcesBuildPhase section */
		CE7656062EB381EA009E4900 /* Resources */ = {
			isa = PBXResourcesBuildPhase;
			buildActionMask = 2147483647;
			files = (
				CE76561B2EB381F1009E4900 /* LaunchScreen.storyboard in Resources */,
				CE7656182EB381F1009E4900 /* Assets.xcassets in Resources */,
				CE7656132EB381EA009E4900 /* Main.storyboard in Resources */,
			);
			runOnlyForDeploymentPostprocessing = 0;
		};
/* End PBXResourcesBuildPhase section */

/* Begin PBXSourcesBuildPhase section */
		CE7656042EB381EA009E4900 /* Sources */ = {
			isa = PBXSourcesBuildPhase;
			buildActionMask = 2147483647;
			files = (
				CE7656102EB381EA009E4900 /* ViewController.swift in Sources */,
				CE6682C62EBCEFE200D318D8 /* CustomSegmentedControl.swift in Sources */,
				CE517BD12EBA6B1D00BF438A /* SpendingStatisticViewController.swift in Sources */,
				CE517BCD2EB7DF2700BF438A /* CustomTabar.swift in Sources */,
				CED0BDA82EB60C1B009866D1 /* FMDatabasePool.m in Sources */,
				CE517BC52EB7746300BF438A /* Transaction.swift in Sources */,
				CE517BC92EB7763900BF438A /* TransactionTypeDB.swift in Sources */,
				CED0BDA92EB60C1B009866D1 /* FMResultSet.m in Sources */,
				CE76560C2EB381EA009E4900 /* AppDelegate.swift in Sources */,
				CE76560E2EB381EA009E4900 /* SceneDelegate.swift in Sources */,
				CE517BCF2EBA6AA800BF438A /* CreateSpendingViewController.swift in Sources */,
				CED0BDA72EB60C1B009866D1 /* FMDatabase.m in Sources */,
				CE517BC12EB7734800BF438A /* TransactionType.swift in Sources */,
				CE7656162EB381EA009E4900 /* Spending_Manager.xcdatamodeld in Sources */,
				CED0BDAA2EB60C1B009866D1 /* FMDatabaseAdditions.m in Sources */,
				CED0BDAB2EB60C1B009866D1 /* FMDatabaseQueue.m in Sources */,
				CE517BCB2EB778AE00BF438A /* Database.swift in Sources */,
				CE517BC32EB773DE00BF438A /* Category.swift in Sources */,
				CE517BD32EBA6B7A00BF438A /* MontlySpendingViewController.swift in Sources */,
			);
			runOnlyForDeploymentPostprocessing = 0;
		};
/* End PBXSourcesBuildPhase section */

/* Begin PBXVariantGroup section */
		CE7656112EB381EA009E4900 /* Main.storyboard */ = {
			isa = PBXVariantGroup;
			children = (
				CE7656122EB381EA009E4900 /* Base */,
			);
			name = Main.storyboard;
			sourceTree = "<group>";
		};
		CE7656192EB381F1009E4900 /* LaunchScreen.storyboard */ = {
			isa = PBXVariantGroup;
			children = (
				CE76561A2EB381F1009E4900 /* Base */,
			);
			name = LaunchScreen.storyboard;
			sourceTree = "<group>";
		};
/* End PBXVariantGroup section */

/* Begin XCBuildConfiguration section */
		CE76561D2EB381F1009E4900 /* Debug */ = {
			isa = XCBuildConfiguration;
			buildSettings = {
				ALWAYS_SEARCH_USER_PATHS = NO;
				CLANG_ANALYZER_NONNULL = YES;
				CLANG_ANALYZER_NUMBER_OBJECT_CONVERSION = YES_AGGRESSIVE;
				CLANG_CXX_LANGUAGE_STANDARD = "gnu++20";
				CLANG_ENABLE_MODULES = YES;
				CLANG_ENABLE_OBJC_ARC = YES;
				CLANG_ENABLE_OBJC_WEAK = YES;
				CLANG_WARN_BLOCK_CAPTURE_AUTORELEASING = YES;
				CLANG_WARN_BOOL_CONVERSION = YES;
				CLANG_WARN_COMMA = YES;
				CLANG_WARN_CONSTANT_CONVERSION = YES;
				CLANG_WARN_DEPRECATED_OBJC_IMPLEMENTATIONS = YES;
				CLANG_WARN_DIRECT_OBJC_ISA_USAGE = YES_ERROR;
				CLANG_WARN_DOCUMENTATION_COMMENTS = YES;
				CLANG_WARN_EMPTY_BODY = YES;
				CLANG_WARN_ENUM_CONVERSION = YES;
				CLANG_WARN_INFINITE_RECURSION = YES;
				CLANG_WARN_INT_CONVERSION = YES;
				CLANG_WARN_NON_LITERAL_NULL_CONVERSION = YES;
				CLANG_WARN_OBJC_IMPLICIT_RETAIN_SELF = YES;
				CLANG_WARN_OBJC_LITERAL_CONVERSION = YES;
				CLANG_WARN_OBJC_ROOT_CLASS = YES_ERROR;
				CLANG_WARN_QUOTED_INCLUDE_IN_FRAMEWORK_HEADER = YES;
				CLANG_WARN_RANGE_LOOP_ANALYSIS = YES;
				CLANG_WARN_STRICT_PROTOTYPES = YES;
				CLANG_WARN_SUSPICIOUS_MOVE = YES;
				CLANG_WARN_UNGUARDED_AVAILABILITY = YES_AGGRESSIVE;
				CLANG_WARN_UNREACHABLE_CODE = YES;
				CLANG_WARN__DUPLICATE_METHOD_MATCH = YES;
				COPY_PHASE_STRIP = NO;
				DEBUG_INFORMATION_FORMAT = dwarf;
				ENABLE_STRICT_OBJC_MSGSEND = YES;
				ENABLE_TESTABILITY = YES;
				GCC_C_LANGUAGE_STANDARD = gnu11;
				GCC_DYNAMIC_NO_PIC = NO;
				GCC_NO_COMMON_BLOCKS = YES;
				GCC_OPTIMIZATION_LEVEL = 0;
				GCC_PREPROCESSOR_DEFINITIONS = (
					"DEBUG=1",
					"$(inherited)",
				);
				GCC_WARN_64_TO_32_BIT_CONVERSION = YES;
				GCC_WARN_ABOUT_RETURN_TYPE = YES_ERROR;
				GCC_WARN_UNDECLARED_SELECTOR = YES;
				GCC_WARN_UNINITIALIZED_AUTOS = YES_AGGRESSIVE;
				GCC_WARN_UNUSED_FUNCTION = YES;
				GCC_WARN_UNUSED_VARIABLE = YES;
				IPHONEOS_DEPLOYMENT_TARGET = 16.2;
				MTL_ENABLE_DEBUG_INFO = INCLUDE_SOURCE;
				MTL_FAST_MATH = YES;
				ONLY_ACTIVE_ARCH = YES;
				SDKROOT = iphoneos;
				SWIFT_ACTIVE_COMPILATION_CONDITIONS = DEBUG;
				SWIFT_OPTIMIZATION_LEVEL = "-Onone";
			};
			name = Debug;
		};
		CE76561E2EB381F1009E4900 /* Release */ = {
			isa = XCBuildConfiguration;
			buildSettings = {
				ALWAYS_SEARCH_USER_PATHS = NO;
				CLANG_ANALYZER_NONNULL = YES;
				CLANG_ANALYZER_NUMBER_OBJECT_CONVERSION = YES_AGGRESSIVE;
				CLANG_CXX_LANGUAGE_STANDARD = "gnu++20";
				CLANG_ENABLE_MODULES = YES;
				CLANG_ENABLE_OBJC_ARC = YES;
				CLANG_ENABLE_OBJC_WEAK = YES;
				CLANG_WARN_BLOCK_CAPTURE_AUTORELEASING = YES;
				CLANG_WARN_BOOL_CONVERSION = YES;
				CLANG_WARN_COMMA = YES;
				CLANG_WARN_CONSTANT_CONVERSION = YES;
				CLANG_WARN_DEPRECATED_OBJC_IMPLEMENTATIONS = YES;
				CLANG_WARN_DIRECT_OBJC_ISA_USAGE = YES_ERROR;
				CLANG_WARN_DOCUMENTATION_COMMENTS = YES;
				CLANG_WARN_EMPTY_BODY = YES;
				CLANG_WARN_ENUM_CONVERSION = YES;
				CLANG_WARN_INFINITE_RECURSION = YES;
				CLANG_WARN_INT_CONVERSION = YES;
				CLANG_WARN_NON_LITERAL_NULL_CONVERSION = YES;
				CLANG_WARN_OBJC_IMPLICIT_RETAIN_SELF = YES;
				CLANG_WARN_OBJC_LITERAL_CONVERSION = YES;
				CLANG_WARN_OBJC_ROOT_CLASS = YES_ERROR;
				CLANG_WARN_QUOTED_INCLUDE_IN_FRAMEWORK_HEADER = YES;
				CLANG_WARN_RANGE_LOOP_ANALYSIS = YES;
				CLANG_WARN_STRICT_PROTOTYPES = YES;
				CLANG_WARN_SUSPICIOUS_MOVE = YES;
				CLANG_WARN_UNGUARDED_AVAILABILITY = YES_AGGRESSIVE;
				CLANG_WARN_UNREACHABLE_CODE = YES;
				CLANG_WARN__DUPLICATE_METHOD_MATCH = YES;
				COPY_PHASE_STRIP = NO;
				DEBUG_INFORMATION_FORMAT = "dwarf-with-dsym";
				ENABLE_NS_ASSERTIONS = NO;
				ENABLE_STRICT_OBJC_MSGSEND = YES;
				GCC_C_LANGUAGE_STANDARD = gnu11;
				GCC_NO_COMMON_BLOCKS = YES;
				GCC_WARN_64_TO_32_BIT_CONVERSION = YES;
				GCC_WARN_ABOUT_RETURN_TYPE = YES_ERROR;
				GCC_WARN_UNDECLARED_SELECTOR = YES;
				GCC_WARN_UNINITIALIZED_AUTOS = YES_AGGRESSIVE;
				GCC_WARN_UNUSED_FUNCTION = YES;
				GCC_WARN_UNUSED_VARIABLE = YES;
				IPHONEOS_DEPLOYMENT_TARGET = 16.2;
				MTL_ENABLE_DEBUG_INFO = NO;
				MTL_FAST_MATH = YES;
				SDKROOT = iphoneos;
				SWIFT_COMPILATION_MODE = wholemodule;
				SWIFT_OPTIMIZATION_LEVEL = "-O";
				VALIDATE_PRODUCT = YES;
			};
			name = Release;
		};
		CE7656202EB381F1009E4900 /* Debug */ = {
			isa = XCBuildConfiguration;
			buildSettings = {
				ASSETCATALOG_COMPILER_APPICON_NAME = AppIcon;
				ASSETCATALOG_COMPILER_GLOBAL_ACCENT_COLOR_NAME = AccentColor;
				CLANG_ENABLE_MODULES = YES;
				CODE_SIGN_STYLE = Automatic;
				CURRENT_PROJECT_VERSION = 1;
				GENERATE_INFOPLIST_FILE = YES;
				INFOPLIST_FILE = "Spending-Manager/Info.plist";
				INFOPLIST_KEY_UIApplicationSupportsIndirectInputEvents = YES;
				INFOPLIST_KEY_UILaunchStoryboardName = LaunchScreen;
				INFOPLIST_KEY_UIMainStoryboardFile = Main;
				INFOPLIST_KEY_UISupportedInterfaceOrientations_iPad = "UIInterfaceOrientationPortrait UIInterfaceOrientationPortraitUpsideDown UIInterfaceOrientationLandscapeLeft UIInterfaceOrientationLandscapeRight";
				INFOPLIST_KEY_UISupportedInterfaceOrientations_iPhone = "UIInterfaceOrientationPortrait UIInterfaceOrientationLandscapeLeft UIInterfaceOrientationLandscapeRight";
				LD_RUNPATH_SEARCH_PATHS = (
					"$(inherited)",
					"@executable_path/Frameworks",
				);
				MARKETING_VERSION = 1.0;
				PRODUCT_BUNDLE_IDENTIFIER = "vn.edu.tdc.Spending-Manager";
				PRODUCT_NAME = "$(TARGET_NAME)";
				SWIFT_EMIT_LOC_STRINGS = YES;
				SWIFT_OBJC_BRIDGING_HEADER = "Spending-Manager/FMDB/src/Spending-Manager-Bridging-Header.h";
				"SWIFT_OBJC_BRIDGING_HEADER[arch=*]" = "Spending-Manager/FMDB/SpendingManager-Bridging-Header.h";
				SWIFT_OPTIMIZATION_LEVEL = "-Onone";
				SWIFT_VERSION = 5.0;
				TARGETED_DEVICE_FAMILY = "1,2";
			};
			name = Debug;
		};
		CE7656212EB381F1009E4900 /* Release */ = {
			isa = XCBuildConfiguration;
			buildSettings = {
				ASSETCATALOG_COMPILER_APPICON_NAME = AppIcon;
				ASSETCATALOG_COMPILER_GLOBAL_ACCENT_COLOR_NAME = AccentColor;
				CLANG_ENABLE_MODULES = YES;
				CODE_SIGN_STYLE = Automatic;
				CURRENT_PROJECT_VERSION = 1;
				GENERATE_INFOPLIST_FILE = YES;
				INFOPLIST_FILE = "Spending-Manager/Info.plist";
				INFOPLIST_KEY_UIApplicationSupportsIndirectInputEvents = YES;
				INFOPLIST_KEY_UILaunchStoryboardName = LaunchScreen;
				INFOPLIST_KEY_UIMainStoryboardFile = Main;
				INFOPLIST_KEY_UISupportedInterfaceOrientations_iPad = "UIInterfaceOrientationPortrait UIInterfaceOrientationPortraitUpsideDown UIInterfaceOrientationLandscapeLeft UIInterfaceOrientationLandscapeRight";
				INFOPLIST_KEY_UISupportedInterfaceOrientations_iPhone = "UIInterfaceOrientationPortrait UIInterfaceOrientationLandscapeLeft UIInterfaceOrientationLandscapeRight";
				LD_RUNPATH_SEARCH_PATHS = (
					"$(inherited)",
					"@executable_path/Frameworks",
				);
				MARKETING_VERSION = 1.0;
				PRODUCT_BUNDLE_IDENTIFIER = "vn.edu.tdc.Spending-Manager";
				PRODUCT_NAME = "$(TARGET_NAME)";
				SWIFT_EMIT_LOC_STRINGS = YES;
				SWIFT_OBJC_BRIDGING_HEADER = "Spending-Manager/FMDB/src/Spending-Manager-Bridging-Header.h";
				"SWIFT_OBJC_BRIDGING_HEADER[arch=*]" = "Spending-Manager/FMDB/SpendingManager-Bridging-Header.h\n";
				SWIFT_VERSION = 5.0;
				TARGETED_DEVICE_FAMILY = "1,2";
			};
			name = Release;
		};
/* End XCBuildConfiguration section */

/* Begin XCConfigurationList section */
		CE7656032EB381EA009E4900 /* Build configuration list for PBXProject "Spending-Manager" */ = {
			isa = XCConfigurationList;
			buildConfigurations = (
				CE76561D2EB381F1009E4900 /* Debug */,
				CE76561E2EB381F1009E4900 /* Release */,
			);
			defaultConfigurationIsVisible = 0;
			defaultConfigurationName = Release;
		};
		CE76561F2EB381F1009E4900 /* Build configuration list for PBXNativeTarget "Spending-Manager" */ = {
			isa = XCConfigurationList;
			buildConfigurations = (
				CE7656202EB381F1009E4900 /* Debug */,
				CE7656212EB381F1009E4900 /* Release */,
			);
			defaultConfigurationIsVisible = 0;
			defaultConfigurationName = Release;
		};
/* End XCConfigurationList section */

/* Begin XCVersionGroup section */
		CE7656142EB381EA009E4900 /* Spending_Manager.xcdatamodeld */ = {
			isa = XCVersionGroup;
			children = (
				CE7656152EB381EA009E4900 /* Spending_Manager.xcdatamodel */,
			);
			currentVersion = CE7656152EB381EA009E4900 /* Spending_Manager.xcdatamodel */;
			path = Spending_Manager.xcdatamodeld;
			sourceTree = "<group>";
			versionGroupType = wrapper.xcdatamodel;
		};
/* End XCVersionGroup section */
	};
	rootObject = CE7656002EB381EA009E4900 /* Project object */;
}
